PODS:
  - PathKit (0.8.0)
  - SwiftGenKit (1.0.1):
    - PathKit (~> 0.8.0)

DEPENDENCIES:
  - SwiftGenKit (from `.`)

EXTERNAL SOURCES:
  SwiftGenKit:
    :path: "."

SPEC CHECKSUMS:
  PathKit: dcab05d701474011aae0e40cf892298a831f63d6
  SwiftGenKit: 9b6f20360c33216663514b720016fa2d57cea478

PODFILE CHECKSUM: f6b4a327959964fcdc0fa778787e983c7f6184f3

COCOAPODS: 1.2.0
