// !$*UTF8*$!
{
	archiveVersion = 1;
	classes = {
	};
	objectVersion = 48;
	objects = {

/* Begin PBXBuildFile section */
		82EF0CC0752D216C67279A16 /* Pods_Tests.framework in Frameworks */ = {isa = PBXBuildFile; fileRef = 8BF798509C76E5A9ACE03491 /* Pods_Tests.framework */; };
		DD3EE1DD1E6C7A5300EA1599 /* StoryboardsMacOSTests.swift in Sources */ = {isa = PBXBuildFile; fileRef = DDF573201E6103DC0033C01B /* StoryboardsMacOSTests.swift */; };
		DD3EE1DE1E6C7A5300EA1599 /* TestsHelper.swift in Sources */ = {isa = PBXBuildFile; fileRef = DDF573221E6103DC0033C01B /* TestsHelper.swift */; };
		DD3EE1DF1E6C7A5300EA1599 /* ColorsCLRFileTests.swift in Sources */ = {isa = PBXBuildFile; fileRef = DDF573171E6103DC0033C01B /* ColorsCLRFileTests.swift */; };
		DD3EE1E01E6C7A5300EA1599 /* ColorsXMLFileTests.swift in Sources */ = {isa = PBXBuildFile; fileRef = DDF5731A1E6103DC0033C01B /* ColorsXMLFileTests.swift */; };
		DD3EE1E11E6C7A5300EA1599 /* ColorsTextFileTests.swift in Sources */ = {isa = PBXBuildFile; fileRef = DDF573191E6103DC0033C01B /* ColorsTextFileTests.swift */; };
		DD3EE1E21E6C7A5300EA1599 /* ImagesTests.swift in Sources */ = {isa = PBXBuildFile; fileRef = DDF5731C1E6103DC0033C01B /* ImagesTests.swift */; };
		DD3EE1E31E6C7A5300EA1599 /* StringsTests.swift in Sources */ = {isa = PBXBuildFile; fileRef = DDF573211E6103DC0033C01B /* StringsTests.swift */; };
		DD3EE1E41E6C7A5300EA1599 /* ColorsJSONFileTests.swift in Sources */ = {isa = PBXBuildFile; fileRef = DDF573181E6103DC0033C01B /* ColorsJSONFileTests.swift */; };
		DD3EE1E51E6C7A5300EA1599 /* StoryboardsiOSTests.swift in Sources */ = {isa = PBXBuildFile; fileRef = DDF5731F1E6103DC0033C01B /* StoryboardsiOSTests.swift */; };
		DD3EE1E61E6C7A5300EA1599 /* FontsTests.swift in Sources */ = {isa = PBXBuildFile; fileRef = DDF5731B1E6103DC0033C01B /* FontsTests.swift */; };
		DD3EE1EA1E6C7A5300EA1599 /* Fixtures in Resources */ = {isa = PBXBuildFile; fileRef = DDF5732F1E6103F90033C01B /* Fixtures */; };
		DD3EE1EB1E6C7A5300EA1599 /* Contexts in Resources */ = {isa = PBXBuildFile; fileRef = DDF5732E1E6103F90033C01B /* Contexts */; };
		DDF573231E6103DC0033C01B /* ColorsCLRFileTests.swift in Sources */ = {isa = PBXBuildFile; fileRef = DDF573171E6103DC0033C01B /* ColorsCLRFileTests.swift */; };
		DDF573241E6103DC0033C01B /* ColorsJSONFileTests.swift in Sources */ = {isa = PBXBuildFile; fileRef = DDF573181E6103DC0033C01B /* ColorsJSONFileTests.swift */; };
		DDF573251E6103DC0033C01B /* ColorsTextFileTests.swift in Sources */ = {isa = PBXBuildFile; fileRef = DDF573191E6103DC0033C01B /* ColorsTextFileTests.swift */; };
		DDF573261E6103DC0033C01B /* ColorsXMLFileTests.swift in Sources */ = {isa = PBXBuildFile; fileRef = DDF5731A1E6103DC0033C01B /* ColorsXMLFileTests.swift */; };
		DDF573271E6103DC0033C01B /* FontsTests.swift in Sources */ = {isa = PBXBuildFile; fileRef = DDF5731B1E6103DC0033C01B /* FontsTests.swift */; };
		DDF573281E6103DC0033C01B /* ImagesTests.swift in Sources */ = {isa = PBXBuildFile; fileRef = DDF5731C1E6103DC0033C01B /* ImagesTests.swift */; };
		DDF5732A1E6103DC0033C01B /* StoryboardsiOSTests.swift in Sources */ = {isa = PBXBuildFile; fileRef = DDF5731F1E6103DC0033C01B /* StoryboardsiOSTests.swift */; };
		DDF5732B1E6103DC0033C01B /* StoryboardsMacOSTests.swift in Sources */ = {isa = PBXBuildFile; fileRef = DDF573201E6103DC0033C01B /* StoryboardsMacOSTests.swift */; };
		DDF5732C1E6103DC0033C01B /* StringsTests.swift in Sources */ = {isa = PBXBuildFile; fileRef = DDF573211E6103DC0033C01B /* StringsTests.swift */; };
		DDF5732D1E6103DC0033C01B /* TestsHelper.swift in Sources */ = {isa = PBXBuildFile; fileRef = DDF573221E6103DC0033C01B /* TestsHelper.swift */; };
		DDF573301E6103F90033C01B /* Contexts in Resources */ = {isa = PBXBuildFile; fileRef = DDF5732E1E6103F90033C01B /* Contexts */; };
		DDF573311E6103F90033C01B /* Fixtures in Resources */ = {isa = PBXBuildFile; fileRef = DDF5732F1E6103F90033C01B /* Fixtures */; };
		FA18A51E31E58E99F826A61A /* Pods_Generate_Contexts.framework in Frameworks */ = {isa = PBXBuildFile; fileRef = D0953FBF302610271EE29CD4 /* Pods_Generate_Contexts.framework */; };
/* End PBXBuildFile section */

/* Begin PBXFileReference section */
		09A87B501BCCA2C600D9B9F5 /* Tests.xctest */ = {isa = PBXFileReference; explicitFileType = wrapper.cfbundle; includeInIndex = 0; path = Tests.xctest; sourceTree = BUILT_PRODUCTS_DIR; };
		1807D936DC8EC9E147BFED39 /* Pods-Generate Contexts.debug.xcconfig */ = {isa = PBXFileReference; includeInIndex = 1; lastKnownFileType = text.xcconfig; name = "Pods-Generate Contexts.debug.xcconfig"; path = "Pods/Target Support Files/Pods-Generate Contexts/Pods-Generate Contexts.debug.xcconfig"; sourceTree = "<group>"; };
		47888DD528DEC4C84FD8F15B /* Pods-Tests.debug.xcconfig */ = {isa = PBXFileReference; includeInIndex = 1; lastKnownFileType = text.xcconfig; name = "Pods-Tests.debug.xcconfig"; path = "Pods/Target Support Files/Pods-Tests/Pods-Tests.debug.xcconfig"; sourceTree = "<group>"; };
		4B3D39DBCD15D8F6BB891D92 /* Pods-Tests.release.xcconfig */ = {isa = PBXFileReference; includeInIndex = 1; lastKnownFileType = text.xcconfig; name = "Pods-Tests.release.xcconfig"; path = "Pods/Target Support Files/Pods-Tests/Pods-Tests.release.xcconfig"; sourceTree = "<group>"; };
		8BF798509C76E5A9ACE03491 /* Pods_Tests.framework */ = {isa = PBXFileReference; explicitFileType = wrapper.framework; includeInIndex = 0; path = Pods_Tests.framework; sourceTree = BUILT_PRODUCTS_DIR; };
		D0953FBF302610271EE29CD4 /* Pods_Generate_Contexts.framework */ = {isa = PBXFileReference; explicitFileType = wrapper.framework; includeInIndex = 0; path = Pods_Generate_Contexts.framework; sourceTree = BUILT_PRODUCTS_DIR; };
		D7E03D6F3B0C007A95249620 /* Pods-Generate Contexts.release.xcconfig */ = {isa = PBXFileReference; includeInIndex = 1; lastKnownFileType = text.xcconfig; name = "Pods-Generate Contexts.release.xcconfig"; path = "Pods/Target Support Files/Pods-Generate Contexts/Pods-Generate Contexts.release.xcconfig"; sourceTree = "<group>"; };
		DD3EE1F11E6C7A5300EA1599 /* Generate Contexts.xctest */ = {isa = PBXFileReference; explicitFileType = wrapper.cfbundle; includeInIndex = 0; path = "Generate Contexts.xctest"; sourceTree = BUILT_PRODUCTS_DIR; };
		DDF573171E6103DC0033C01B /* ColorsCLRFileTests.swift */ = {isa = PBXFileReference; fileEncoding = 4; lastKnownFileType = sourcecode.swift; path = ColorsCLRFileTests.swift; sourceTree = "<group>"; };
		DDF573181E6103DC0033C01B /* ColorsJSONFileTests.swift */ = {isa = PBXFileReference; fileEncoding = 4; lastKnownFileType = sourcecode.swift; path = ColorsJSONFileTests.swift; sourceTree = "<group>"; };
		DDF573191E6103DC0033C01B /* ColorsTextFileTests.swift */ = {isa = PBXFileReference; fileEncoding = 4; lastKnownFileType = sourcecode.swift; path = ColorsTextFileTests.swift; sourceTree = "<group>"; };
		DDF5731A1E6103DC0033C01B /* ColorsXMLFileTests.swift */ = {isa = PBXFileReference; fileEncoding = 4; lastKnownFileType = sourcecode.swift; path = ColorsXMLFileTests.swift; sourceTree = "<group>"; };
		DDF5731B1E6103DC0033C01B /* FontsTests.swift */ = {isa = PBXFileReference; fileEncoding = 4; lastKnownFileType = sourcecode.swift; path = FontsTests.swift; sourceTree = "<group>"; };
		DDF5731C1E6103DC0033C01B /* ImagesTests.swift */ = {isa = PBXFileReference; fileEncoding = 4; lastKnownFileType = sourcecode.swift; path = ImagesTests.swift; sourceTree = "<group>"; };
		DDF5731E1E6103DC0033C01B /* Info.plist */ = {isa = PBXFileReference; fileEncoding = 4; lastKnownFileType = text.plist.xml; path = Info.plist; sourceTree = "<group>"; };
		DDF5731F1E6103DC0033C01B /* StoryboardsiOSTests.swift */ = {isa = PBXFileReference; fileEncoding = 4; lastKnownFileType = sourcecode.swift; path = StoryboardsiOSTests.swift; sourceTree = "<group>"; };
		DDF573201E6103DC0033C01B /* StoryboardsMacOSTests.swift */ = {isa = PBXFileReference; fileEncoding = 4; lastKnownFileType = sourcecode.swift; path = StoryboardsMacOSTests.swift; sourceTree = "<group>"; };
		DDF573211E6103DC0033C01B /* StringsTests.swift */ = {isa = PBXFileReference; fileEncoding = 4; lastKnownFileType = sourcecode.swift; path = StringsTests.swift; sourceTree = "<group>"; };
		DDF573221E6103DC0033C01B /* TestsHelper.swift */ = {isa = PBXFileReference; fileEncoding = 4; lastKnownFileType = sourcecode.swift; path = TestsHelper.swift; sourceTree = "<group>"; };
		DDF5732E1E6103F90033C01B /* Contexts */ = {isa = PBXFileReference; lastKnownFileType = folder; name = Contexts; path = Tests/Resources/Contexts; sourceTree = SOURCE_ROOT; };
		DDF5732F1E6103F90033C01B /* Fixtures */ = {isa = PBXFileReference; lastKnownFileType = folder; name = Fixtures; path = Tests/Resources/Fixtures; sourceTree = SOURCE_ROOT; };
/* End PBXFileReference section */

/* Begin PBXFrameworksBuildPhase section */
		09A87B4D1BCCA2C600D9B9F5 /* Frameworks */ = {
			isa = PBXFrameworksBuildPhase;
			buildActionMask = 2147483647;
			files = (
				82EF0CC0752D216C67279A16 /* Pods_Tests.framework in Frameworks */,
			);
			runOnlyForDeploymentPostprocessing = 0;
		};
		DD3EE1E71E6C7A5300EA1599 /* Frameworks */ = {
			isa = PBXFrameworksBuildPhase;
			buildActionMask = 2147483647;
			files = (
				FA18A51E31E58E99F826A61A /* Pods_Generate_Contexts.framework in Frameworks */,
			);
			runOnlyForDeploymentPostprocessing = 0;
		};
/* End PBXFrameworksBuildPhase section */

/* Begin PBXGroup section */
		09030B621B6D254200275BF5 = {
			isa = PBXGroup;
			children = (
				DD5F34111E21657700AEB5DA /* Tests */,
				09030B6C1B6D254200275BF5 /* Products */,
				D1F9C04627199F451C124975 /* Pods */,
				B57827B6D44D535FA2E05E60 /* Frameworks */,
			);
			indentWidth = 2;
			sourceTree = "<group>";
			tabWidth = 2;
			usesTabs = 0;
		};
		09030B6C1B6D254200275BF5 /* Products */ = {
			isa = PBXGroup;
			children = (
				09A87B501BCCA2C600D9B9F5 /* Tests.xctest */,
				DD3EE1F11E6C7A5300EA1599 /* Generate Contexts.xctest */,
			);
			name = Products;
			sourceTree = "<group>";
		};
		B57827B6D44D535FA2E05E60 /* Frameworks */ = {
			isa = PBXGroup;
			children = (
				8BF798509C76E5A9ACE03491 /* Pods_Tests.framework */,
				D0953FBF302610271EE29CD4 /* Pods_Generate_Contexts.framework */,
			);
			name = Frameworks;
			sourceTree = "<group>";
		};
		D1F9C04627199F451C124975 /* Pods */ = {
			isa = PBXGroup;
			children = (
				47888DD528DEC4C84FD8F15B /* Pods-Tests.debug.xcconfig */,
				4B3D39DBCD15D8F6BB891D92 /* Pods-Tests.release.xcconfig */,
				1807D936DC8EC9E147BFED39 /* Pods-Generate Contexts.debug.xcconfig */,
				D7E03D6F3B0C007A95249620 /* Pods-Generate Contexts.release.xcconfig */,
			);
			name = Pods;
			sourceTree = "<group>";
		};
		DD5F34111E21657700AEB5DA /* Tests */ = {
			isa = PBXGroup;
			children = (
				DDF573161E6103DC0033C01B /* SwiftGenKitTests */,
			);
			path = Tests;
			sourceTree = "<group>";
		};
		DDF573161E6103DC0033C01B /* SwiftGenKitTests */ = {
			isa = PBXGroup;
			children = (
				DDF5731D1E6103DC0033C01B /* Resources */,
				DDF573171E6103DC0033C01B /* ColorsCLRFileTests.swift */,
				DDF573181E6103DC0033C01B /* ColorsJSONFileTests.swift */,
				DDF573191E6103DC0033C01B /* ColorsTextFileTests.swift */,
				DDF5731A1E6103DC0033C01B /* ColorsXMLFileTests.swift */,
				DDF5731B1E6103DC0033C01B /* FontsTests.swift */,
				DDF5731C1E6103DC0033C01B /* ImagesTests.swift */,
				DDF5731F1E6103DC0033C01B /* StoryboardsiOSTests.swift */,
				DDF573201E6103DC0033C01B /* StoryboardsMacOSTests.swift */,
				DDF573211E6103DC0033C01B /* StringsTests.swift */,
				DDF573221E6103DC0033C01B /* TestsHelper.swift */,
			);
			path = SwiftGenKitTests;
			sourceTree = "<group>";
		};
		DDF5731D1E6103DC0033C01B /* Resources */ = {
			isa = PBXGroup;
			children = (
				DDF5732E1E6103F90033C01B /* Contexts */,
				DDF5732F1E6103F90033C01B /* Fixtures */,
				DDF5731E1E6103DC0033C01B /* Info.plist */,
			);
			path = Resources;
			sourceTree = "<group>";
		};
/* End PBXGroup section */

/* Begin PBXNativeTarget section */
		09A87B4F1BCCA2C600D9B9F5 /* Tests */ = {
			isa = PBXNativeTarget;
			buildConfigurationList = 09A87B551BCCA2C600D9B9F5 /* Build configuration list for PBXNativeTarget "Tests" */;
			buildPhases = (
				C3989F9D7584D08720E81BDA /* [CP] Check Pods Manifest.lock */,
				DD3EE1BA1E65DB7B00EA1599 /* ⚠️ SwiftLint */,
				09A87B4C1BCCA2C600D9B9F5 /* Sources */,
				09A87B4D1BCCA2C600D9B9F5 /* Frameworks */,
				09A87B4E1BCCA2C600D9B9F5 /* Resources */,
				DE127EA8748200EF28090721 /* [CP] Embed Pods Frameworks */,
				E927380300BBDAC26313194A /* [CP] Copy Pods Resources */,
			);
			buildRules = (
			);
			dependencies = (
			);
			name = Tests;
			productName = SwiftGenKitTests;
			productReference = 09A87B501BCCA2C600D9B9F5 /* Tests.xctest */;
			productType = "com.apple.product-type.bundle.unit-test";
		};
		DD3EE1D91E6C7A5300EA1599 /* Generate Contexts */ = {
			isa = PBXNativeTarget;
			buildConfigurationList = DD3EE1EE1E6C7A5300EA1599 /* Build configuration list for PBXNativeTarget "Generate Contexts" */;
			buildPhases = (
				DD3EE1DA1E6C7A5300EA1599 /* [CP] Check Pods Manifest.lock */,
				DD3EE1DB1E6C7A5300EA1599 /* ⚠️ SwiftLint */,
				DD3EE1DC1E6C7A5300EA1599 /* Sources */,
				DD3EE1E71E6C7A5300EA1599 /* Frameworks */,
				DD3EE1E91E6C7A5300EA1599 /* Resources */,
				DD3EE1EC1E6C7A5300EA1599 /* [CP] Embed Pods Frameworks */,
				DD3EE1ED1E6C7A5300EA1599 /* [CP] Copy Pods Resources */,
			);
			buildRules = (
			);
			dependencies = (
			);
			name = "Generate Contexts";
			productName = SwiftGenKitTests;
			productReference = DD3EE1F11E6C7A5300EA1599 /* Generate Contexts.xctest */;
			productType = "com.apple.product-type.bundle.unit-test";
		};
/* End PBXNativeTarget section */

/* Begin PBXProject section */
		09030B631B6D254200275BF5 /* Project object */ = {
			isa = PBXProject;
			attributes = {
				LastSwiftUpdateCheck = 0800;
				LastUpgradeCheck = 0800;
				ORGANIZATIONNAME = SwiftGen;
				TargetAttributes = {
					09A87B4F1BCCA2C600D9B9F5 = {
						CreatedOnToolsVersion = 7.0.1;
						LastSwiftMigration = 0800;
					};
				};
			};
			buildConfigurationList = 09030B661B6D254200275BF5 /* Build configuration list for PBXProject "SwiftGenKit" */;
			compatibilityVersion = "Xcode 8.0";
			developmentRegion = English;
			hasScannedForEncodings = 0;
			knownRegions = (
				en,
				Base,
			);
			mainGroup = 09030B621B6D254200275BF5;
			productRefGroup = 09030B6C1B6D254200275BF5 /* Products */;
			projectDirPath = "";
			projectRoot = "";
			targets = (
				09A87B4F1BCCA2C600D9B9F5 /* Tests */,
				DD3EE1D91E6C7A5300EA1599 /* Generate Contexts */,
			);
		};
/* End PBXProject section */

/* Begin PBXResourcesBuildPhase section */
		09A87B4E1BCCA2C600D9B9F5 /* Resources */ = {
			isa = PBXResourcesBuildPhase;
			buildActionMask = 2147483647;
			files = (
				DDF573311E6103F90033C01B /* Fixtures in Resources */,
				DDF573301E6103F90033C01B /* Contexts in Resources */,
			);
			runOnlyForDeploymentPostprocessing = 0;
		};
		DD3EE1E91E6C7A5300EA1599 /* Resources */ = {
			isa = PBXResourcesBuildPhase;
			buildActionMask = 2147483647;
			files = (
				DD3EE1EA1E6C7A5300EA1599 /* Fixtures in Resources */,
				DD3EE1EB1E6C7A5300EA1599 /* Contexts in Resources */,
			);
			runOnlyForDeploymentPostprocessing = 0;
		};
/* End PBXResourcesBuildPhase section */

/* Begin PBXShellScriptBuildPhase section */
		C3989F9D7584D08720E81BDA /* [CP] Check Pods Manifest.lock */ = {
			isa = PBXShellScriptBuildPhase;
			buildActionMask = 2147483647;
			files = (
			);
			inputPaths = (
			);
			name = "[CP] Check Pods Manifest.lock";
			outputPaths = (
			);
			runOnlyForDeploymentPostprocessing = 0;
			shellPath = /bin/sh;
			shellScript = "diff \"${PODS_ROOT}/../Podfile.lock\" \"${PODS_ROOT}/Manifest.lock\" > /dev/null\nif [ $? != 0 ] ; then\n    # print error to STDERR\n    echo \"error: The sandbox is not in sync with the Podfile.lock. Run 'pod install' or update your CocoaPods installation.\" >&2\n    exit 1\nfi\n";
			showEnvVarsInLog = 0;
		};
		DD3EE1BA1E65DB7B00EA1599 /* ⚠️ SwiftLint */ = {
			isa = PBXShellScriptBuildPhase;
			buildActionMask = 2147483647;
			files = (
			);
			inputPaths = (
			);
			name = "⚠️ SwiftLint";
			outputPaths = (
			);
			runOnlyForDeploymentPostprocessing = 0;
			shellPath = /bin/sh;
			shellScript = "if [[ ! $CI ]]; then\n    rake lint:code\n    rake lint:tests\nfi";
		};
		DD3EE1DA1E6C7A5300EA1599 /* [CP] Check Pods Manifest.lock */ = {
			isa = PBXShellScriptBuildPhase;
			buildActionMask = 2147483647;
			files = (
			);
			inputPaths = (
			);
			name = "[CP] Check Pods Manifest.lock";
			outputPaths = (
			);
			runOnlyForDeploymentPostprocessing = 0;
			shellPath = /bin/sh;
			shellScript = "diff \"${PODS_ROOT}/../Podfile.lock\" \"${PODS_ROOT}/Manifest.lock\" > /dev/null\nif [ $? != 0 ] ; then\n    # print error to STDERR\n    echo \"error: The sandbox is not in sync with the Podfile.lock. Run 'pod install' or update your CocoaPods installation.\" >&2\n    exit 1\nfi\n";
			showEnvVarsInLog = 0;
		};
		DD3EE1DB1E6C7A5300EA1599 /* ⚠️ SwiftLint */ = {
			isa = PBXShellScriptBuildPhase;
			buildActionMask = 2147483647;
			files = (
			);
			inputPaths = (
			);
			name = "⚠️ SwiftLint";
			outputPaths = (
			);
			runOnlyForDeploymentPostprocessing = 0;
			shellPath = /bin/sh;
			shellScript = "if [[ ! $CI ]]; then\n    rake lint:code\n    rake lint:tests\nfi";
		};
		DD3EE1EC1E6C7A5300EA1599 /* [CP] Embed Pods Frameworks */ = {
			isa = PBXShellScriptBuildPhase;
			buildActionMask = 2147483647;
			files = (
			);
			inputPaths = (
			);
			name = "[CP] Embed Pods Frameworks";
			outputPaths = (
			);
			runOnlyForDeploymentPostprocessing = 0;
			shellPath = /bin/sh;
			shellScript = "\"${SRCROOT}/Pods/Target Support Files/Pods-Generate Contexts/Pods-Generate Contexts-frameworks.sh\"\n";
			showEnvVarsInLog = 0;
		};
		DD3EE1ED1E6C7A5300EA1599 /* [CP] Copy Pods Resources */ = {
			isa = PBXShellScriptBuildPhase;
			buildActionMask = 2147483647;
			files = (
			);
			inputPaths = (
			);
			name = "[CP] Copy Pods Resources";
			outputPaths = (
			);
			runOnlyForDeploymentPostprocessing = 0;
			shellPath = /bin/sh;
			shellScript = "\"${SRCROOT}/Pods/Target Support Files/Pods-Generate Contexts/Pods-Generate Contexts-resources.sh\"\n";
			showEnvVarsInLog = 0;
		};
		DE127EA8748200EF28090721 /* [CP] Embed Pods Frameworks */ = {
			isa = PBXShellScriptBuildPhase;
			buildActionMask = 2147483647;
			files = (
			);
			inputPaths = (
			);
			name = "[CP] Embed Pods Frameworks";
			outputPaths = (
			);
			runOnlyForDeploymentPostprocessing = 0;
			shellPath = /bin/sh;
			shellScript = "\"${SRCROOT}/Pods/Target Support Files/Pods-Tests/Pods-Tests-frameworks.sh\"\n";
			showEnvVarsInLog = 0;
		};
		E927380300BBDAC26313194A /* [CP] Copy Pods Resources */ = {
			isa = PBXShellScriptBuildPhase;
			buildActionMask = 2147483647;
			files = (
			);
			inputPaths = (
			);
			name = "[CP] Copy Pods Resources";
			outputPaths = (
			);
			runOnlyForDeploymentPostprocessing = 0;
			shellPath = /bin/sh;
			shellScript = "\"${SRCROOT}/Pods/Target Support Files/Pods-Tests/Pods-Tests-resources.sh\"\n";
			showEnvVarsInLog = 0;
		};
/* End PBXShellScriptBuildPhase section */

/* Begin PBXSourcesBuildPhase section */
		09A87B4C1BCCA2C600D9B9F5 /* Sources */ = {
			isa = PBXSourcesBuildPhase;
			buildActionMask = 2147483647;
			files = (
				DDF5732B1E6103DC0033C01B /* StoryboardsMacOSTests.swift in Sources */,
				DDF5732D1E6103DC0033C01B /* TestsHelper.swift in Sources */,
				DDF573231E6103DC0033C01B /* ColorsCLRFileTests.swift in Sources */,
				DDF573261E6103DC0033C01B /* ColorsXMLFileTests.swift in Sources */,
				DDF573251E6103DC0033C01B /* ColorsTextFileTests.swift in Sources */,
				DDF573281E6103DC0033C01B /* ImagesTests.swift in Sources */,
				DDF5732C1E6103DC0033C01B /* StringsTests.swift in Sources */,
				DDF573241E6103DC0033C01B /* ColorsJSONFileTests.swift in Sources */,
				DDF5732A1E6103DC0033C01B /* StoryboardsiOSTests.swift in Sources */,
				DDF573271E6103DC0033C01B /* FontsTests.swift in Sources */,
			);
			runOnlyForDeploymentPostprocessing = 0;
		};
		DD3EE1DC1E6C7A5300EA1599 /* Sources */ = {
			isa = PBXSourcesBuildPhase;
			buildActionMask = 2147483647;
			files = (
				DD3EE1DD1E6C7A5300EA1599 /* StoryboardsMacOSTests.swift in Sources */,
				DD3EE1DE1E6C7A5300EA1599 /* TestsHelper.swift in Sources */,
				DD3EE1DF1E6C7A5300EA1599 /* ColorsCLRFileTests.swift in Sources */,
				DD3EE1E01E6C7A5300EA1599 /* ColorsXMLFileTests.swift in Sources */,
				DD3EE1E11E6C7A5300EA1599 /* ColorsTextFileTests.swift in Sources */,
				DD3EE1E21E6C7A5300EA1599 /* ImagesTests.swift in Sources */,
				DD3EE1E31E6C7A5300EA1599 /* StringsTests.swift in Sources */,
				DD3EE1E41E6C7A5300EA1599 /* ColorsJSONFileTests.swift in Sources */,
				DD3EE1E51E6C7A5300EA1599 /* StoryboardsiOSTests.swift in Sources */,
				DD3EE1E61E6C7A5300EA1599 /* FontsTests.swift in Sources */,
			);
			runOnlyForDeploymentPostprocessing = 0;
		};
/* End PBXSourcesBuildPhase section */

/* Begin XCBuildConfiguration section */
		09030B701B6D254200275BF5 /* Debug */ = {
			isa = XCBuildConfiguration;
			buildSettings = {
				ALWAYS_SEARCH_USER_PATHS = NO;
				CLANG_CXX_LANGUAGE_STANDARD = "gnu++0x";
				CLANG_CXX_LIBRARY = "libc++";
				CLANG_ENABLE_MODULES = YES;
				CLANG_ENABLE_OBJC_ARC = YES;
				CLANG_WARN_BOOL_CONVERSION = YES;
				CLANG_WARN_CONSTANT_CONVERSION = YES;
				CLANG_WARN_DIRECT_OBJC_ISA_USAGE = YES_ERROR;
				CLANG_WARN_EMPTY_BODY = YES;
				CLANG_WARN_ENUM_CONVERSION = YES;
				CLANG_WARN_INFINITE_RECURSION = YES;
				CLANG_WARN_INT_CONVERSION = YES;
				CLANG_WARN_OBJC_ROOT_CLASS = YES_ERROR;
				CLANG_WARN_SUSPICIOUS_MOVE = YES;
				CLANG_WARN_UNREACHABLE_CODE = YES;
				CLANG_WARN__DUPLICATE_METHOD_MATCH = YES;
				COPY_PHASE_STRIP = NO;
				DEBUG_INFORMATION_FORMAT = dwarf;
				ENABLE_STRICT_OBJC_MSGSEND = YES;
				ENABLE_TESTABILITY = YES;
				GCC_C_LANGUAGE_STANDARD = gnu99;
				GCC_DYNAMIC_NO_PIC = NO;
				GCC_NO_COMMON_BLOCKS = YES;
				GCC_OPTIMIZATION_LEVEL = 0;
				GCC_PREPROCESSOR_DEFINITIONS = (
					"DEBUG=1",
					"$(inherited)",
				);
				GCC_WARN_64_TO_32_BIT_CONVERSION = YES;
				GCC_WARN_ABOUT_RETURN_TYPE = YES_ERROR;
				GCC_WARN_UNDECLARED_SELECTOR = YES;
				GCC_WARN_UNINITIALIZED_AUTOS = YES_AGGRESSIVE;
				GCC_WARN_UNUSED_FUNCTION = YES;
				GCC_WARN_UNUSED_VARIABLE = YES;
				MACOSX_DEPLOYMENT_TARGET = 10.10;
				MTL_ENABLE_DEBUG_INFO = YES;
				ONLY_ACTIVE_ARCH = YES;
				SDKROOT = macosx;
				SWIFT_OPTIMIZATION_LEVEL = "-Onone";
				SWIFT_VERSION = 2.3;
			};
			name = Debug;
		};
		09030B711B6D254200275BF5 /* Release */ = {
			isa = XCBuildConfiguration;
			buildSettings = {
				ALWAYS_SEARCH_USER_PATHS = NO;
				CLANG_CXX_LANGUAGE_STANDARD = "gnu++0x";
				CLANG_CXX_LIBRARY = "libc++";
				CLANG_ENABLE_MODULES = YES;
				CLANG_ENABLE_OBJC_ARC = YES;
				CLANG_WARN_BOOL_CONVERSION = YES;
				CLANG_WARN_CONSTANT_CONVERSION = YES;
				CLANG_WARN_DIRECT_OBJC_ISA_USAGE = YES_ERROR;
				CLANG_WARN_EMPTY_BODY = YES;
				CLANG_WARN_ENUM_CONVERSION = YES;
				CLANG_WARN_INFINITE_RECURSION = YES;
				CLANG_WARN_INT_CONVERSION = YES;
				CLANG_WARN_OBJC_ROOT_CLASS = YES_ERROR;
				CLANG_WARN_SUSPICIOUS_MOVE = YES;
				CLANG_WARN_UNREACHABLE_CODE = YES;
				CLANG_WARN__DUPLICATE_METHOD_MATCH = YES;
				COPY_PHASE_STRIP = NO;
				DEBUG_INFORMATION_FORMAT = "dwarf-with-dsym";
				ENABLE_NS_ASSERTIONS = NO;
				ENABLE_STRICT_OBJC_MSGSEND = YES;
				GCC_C_LANGUAGE_STANDARD = gnu99;
				GCC_NO_COMMON_BLOCKS = YES;
				GCC_WARN_64_TO_32_BIT_CONVERSION = YES;
				GCC_WARN_ABOUT_RETURN_TYPE = YES_ERROR;
				GCC_WARN_UNDECLARED_SELECTOR = YES;
				GCC_WARN_UNINITIALIZED_AUTOS = YES_AGGRESSIVE;
				GCC_WARN_UNUSED_FUNCTION = YES;
				GCC_WARN_UNUSED_VARIABLE = YES;
				MACOSX_DEPLOYMENT_TARGET = 10.10;
				MTL_ENABLE_DEBUG_INFO = NO;
				SDKROOT = macosx;
				SWIFT_OPTIMIZATION_LEVEL = "-Owholemodule";
				SWIFT_VERSION = 2.3;
			};
			name = Release;
		};
		09A87B561BCCA2C600D9B9F5 /* Debug */ = {
			isa = XCBuildConfiguration;
			baseConfigurationReference = 47888DD528DEC4C84FD8F15B /* Pods-Tests.debug.xcconfig */;
			buildSettings = {
				COMBINE_HIDPI_IMAGES = YES;
				INFOPLIST_FILE = Tests/SwiftGenKitTests/Resources/Info.plist;
				LD_RUNPATH_SEARCH_PATHS = "$(inherited) @executable_path/../Frameworks @loader_path/../Frameworks";
				MACOSX_DEPLOYMENT_TARGET = 10.11;
				PRODUCT_BUNDLE_IDENTIFIER = com.alisoftware.SwiftGenKitTests;
				PRODUCT_NAME = "$(TARGET_NAME)";
				SWIFT_VERSION = 3.0;
			};
			name = Debug;
		};
		09A87B571BCCA2C600D9B9F5 /* Release */ = {
			isa = XCBuildConfiguration;
			baseConfigurationReference = 4B3D39DBCD15D8F6BB891D92 /* Pods-Tests.release.xcconfig */;
			buildSettings = {
				COMBINE_HIDPI_IMAGES = YES;
				INFOPLIST_FILE = Tests/SwiftGenKitTests/Resources/Info.plist;
				LD_RUNPATH_SEARCH_PATHS = "$(inherited) @executable_path/../Frameworks @loader_path/../Frameworks";
				MACOSX_DEPLOYMENT_TARGET = 10.11;
				PRODUCT_BUNDLE_IDENTIFIER = com.alisoftware.SwiftGenKitTests;
				PRODUCT_NAME = "$(TARGET_NAME)";
				SWIFT_VERSION = 3.0;
			};
			name = Release;
		};
		DD3EE1EF1E6C7A5300EA1599 /* Debug */ = {
			isa = XCBuildConfiguration;
			baseConfigurationReference = 1807D936DC8EC9E147BFED39 /* Pods-Generate Contexts.debug.xcconfig */;
			buildSettings = {
				COMBINE_HIDPI_IMAGES = YES;
				INFOPLIST_FILE = Tests/SwiftGenKitTests/Resources/Info.plist;
				LD_RUNPATH_SEARCH_PATHS = "$(inherited) @executable_path/../Frameworks @loader_path/../Frameworks";
				MACOSX_DEPLOYMENT_TARGET = 10.11;
				OTHER_SWIFT_FLAGS = "$(inherited) \"-D\" \"COCOAPODS\" -D GENERATE_CONTEXTS";
				PRODUCT_BUNDLE_IDENTIFIER = com.alisoftware.SwiftGenKitTests;
				PRODUCT_NAME = "$(TARGET_NAME)";
				SWIFT_VERSION = 3.0;
			};
			name = Debug;
		};
		DD3EE1F01E6C7A5300EA1599 /* Release */ = {
			isa = XCBuildConfiguration;
			baseConfigurationReference = D7E03D6F3B0C007A95249620 /* Pods-Generate Contexts.release.xcconfig */;
			buildSettings = {
				COMBINE_HIDPI_IMAGES = YES;
				INFOPLIST_FILE = Tests/SwiftGenKitTests/Resources/Info.plist;
				LD_RUNPATH_SEARCH_PATHS = "$(inherited) @executable_path/../Frameworks @loader_path/../Frameworks";
				MACOSX_DEPLOYMENT_TARGET = 10.11;
				OTHER_SWIFT_FLAGS = "$(inherited) \"-D\" \"COCOAPODS\" -D GENERATE_CONTEXTS";
				PRODUCT_BUNDLE_IDENTIFIER = com.alisoftware.SwiftGenKitTests;
				PRODUCT_NAME = "$(TARGET_NAME)";
				SWIFT_VERSION = 3.0;
			};
			name = Release;
		};
/* End XCBuildConfiguration section */

/* Begin XCConfigurationList section */
		09030B661B6D254200275BF5 /* Build configuration list for PBXProject "SwiftGenKit" */ = {
			isa = XCConfigurationList;
			buildConfigurations = (
				09030B701B6D254200275BF5 /* Debug */,
				09030B711B6D254200275BF5 /* Release */,
			);
			defaultConfigurationIsVisible = 0;
			defaultConfigurationName = Release;
		};
		09A87B551BCCA2C600D9B9F5 /* Build configuration list for PBXNativeTarget "Tests" */ = {
			isa = XCConfigurationList;
			buildConfigurations = (
				09A87B561BCCA2C600D9B9F5 /* Debug */,
				09A87B571BCCA2C600D9B9F5 /* Release */,
			);
			defaultConfigurationIsVisible = 0;
			defaultConfigurationName = Release;
		};
		DD3EE1EE1E6C7A5300EA1599 /* Build configuration list for PBXNativeTarget "Generate Contexts" */ = {
			isa = XCConfigurationList;
			buildConfigurations = (
				DD3EE1EF1E6C7A5300EA1599 /* Debug */,
				DD3EE1F01E6C7A5300EA1599 /* Release */,
			);
			defaultConfigurationIsVisible = 0;
			defaultConfigurationName = Release;
		};
/* End XCConfigurationList section */
	};
	rootObject = 09030B631B6D254200275BF5 /* Project object */;
}
